
Microsoft Visual Studio Solution File, Format Version 12.00
# Visual Studio Version 16
VisualStudioVersion = 16.0.30907.101
MinimumVisualStudioVersion = 10.0.40219.1
Project("{FAE04EC0-301F-11D3-BF4B-00C04F79EFBC}") = "TRPO-Lab3.ConsoleApp", "TRPO-Lab3.ConsoleApp.csproj", "{D5D0C4DE-3E76-41E5-8515-7CA8B5D98BBF}"
EndProject
Project("{FAE04EC0-301F-11D3-BF4B-00C04F79EFBC}") = "TRPO-Lab3.Lib", "..\TRPO-Lab3.Lib\TRPO-Lab3.Lib.csproj", "{AAB9C0C0-838B-4301-9909-8DA71FB1669C}"
EndProject
Project("{FAE04EC0-301F-11D3-BF4B-00C04F79EFBC}") = "TRPO-Lab3.Tests", "..\TRPO-Lab3.Tests\TRPO-Lab3.Tests.csproj", "{6C3D9B96-4677-4408-8755-EF4344897E45}"
EndProject
Global
	GlobalSection(SolutionConfigurationPlatforms) = preSolution
		Debug|Any CPU = Debug|Any CPU
		Release|Any CPU = Release|Any CPU
	EndGlobalSection
	GlobalSection(ProjectConfigurationPlatforms) = postSolution
		{D5D0C4DE-3E76-41E5-8515-7CA8B5D98BBF}.Debug|Any CPU.ActiveCfg = Debug|Any CPU
		{D5D0C4DE-3E76-41E5-8515-7CA8B5D98BBF}.Debug|Any CPU.Build.0 = Debug|Any CPU
		{D5D0C4DE-3E76-41E5-8515-7CA8B5D98BBF}.Release|Any CPU.ActiveCfg = Release|Any CPU
		{D5D0C4DE-3E76-41E5-8515-7CA8B5D98BBF}.Release|Any CPU.Build.0 = Release|Any CPU
		{AAB9C0C0-838B-4301-9909-8DA71FB1669C}.Debug|Any CPU.ActiveCfg = Debug|Any CPU
		{AAB9C0C0-838B-4301-9909-8DA71FB1669C}.Debug|Any CPU.Build.0 = Debug|Any CPU
		{AAB9C0C0-838B-4301-9909-8DA71FB1669C}.Release|Any CPU.ActiveCfg = Release|Any CPU
		{AAB9C0C0-838B-4301-9909-8DA71FB1669C}.Release|Any CPU.Build.0 = Release|Any CPU
		{6C3D9B96-4677-4408-8755-EF4344897E45}.Debug|Any CPU.ActiveCfg = Debug|Any CPU
		{6C3D9B96-4677-4408-8755-EF4344897E45}.Debug|Any CPU.Build.0 = Debug|Any CPU
		{6C3D9B96-4677-4408-8755-EF4344897E45}.Release|Any CPU.ActiveCfg = Release|Any CPU
		{6C3D9B96-4677-4408-8755-EF4344897E45}.Release|Any CPU.Build.0 = Release|Any CPU
	EndGlobalSection
	GlobalSection(SolutionProperties) = preSolution
		HideSolutionNode = FALSE
	EndGlobalSection
	GlobalSection(ExtensibilityGlobals) = postSolution
		SolutionGuid = {6EFCCD13-F894-4FAD-B55D-45375E6879AF}
	EndGlobalSection
EndGlobal
